github.com/joho/godotenv v1.5.1 h1:7eLL/+HRGLY0ldzfGMeQkb7vMd0as4CfYvUVzLqw0N0=
github.com/joho/godotenv v1.5.1/go.mod h1:f4LDr5Voq0i2e/R5DDNOoa2zzDfwtkZa6DnEwAbqwq4=
github.com/payOSHQ/payos-lib-golang v0.0.1 h1:rqlLOkqyOrQa7MkUptAeMQJP3Z1h+1JvPe7MYlVeJ00=
github.com/payOSHQ/payos-lib-golang v0.0.1/go.mod h1:xmmiB5s8Awl15vDU0wuqguOgS9zsb682qshcvGsxjvU=
github.com/payOSHQ/payos-lib-golang v1.0.0 h1:L6nKH8Rkzch3KWskRECYvvcKHRgKBjh1OCy1bz4ceVo=
github.com/payOSHQ/payos-lib-golang v1.0.0/go.mod h1:xmmiB5s8Awl15vDU0wuqguOgS9zsb682qshcvGsxjvU=
